("quicklisp" .
 (:class qlot/source/dist:source-dist
  :initargs (:distribution "http://beta.quicklisp.org/dist/quicklisp.txt" :%version :latest)
  :version "2020-06-10"))
("sblint" .
 (:class qlot/source/github:source-github
  :initargs (:repos "cxxxr/sblint" :ref nil :branch nil :tag nil)
  :version "github-397a7ae56c6edb123e028cfdbfe48ecb"))
